// !$*UTF8*$!
{
	archiveVersion = 1;
	classes = {
	};
	objectVersion = 55;
	objects = {

/* Begin PBXBuildFile section */
		5172DD11284451EA00F52BBC /* AppDelegate.swift in Sources */ = {isa = PBXBuildFile; fileRef = 5172DD10284451EA00F52BBC /* AppDelegate.swift */; };
		5172DD13284451EB00F52BBC /* GameScene.sks in Resources */ = {isa = PBXBuildFile; fileRef = 5172DD12284451EB00F52BBC /* GameScene.sks */; };
		5172DD17284451EB00F52BBC /* GameScene.swift in Sources */ = {isa = PBXBuildFile; fileRef = 5172DD16284451EB00F52BBC /* GameScene.swift */; };
		5172DD19284451EB00F52BBC /* GameViewController.swift in Sources */ = {isa = PBXBuildFile; fileRef = 5172DD18284451EB00F52BBC /* GameViewController.swift */; };
		5172DD1C284451EB00F52BBC /* Main.storyboard in Resources */ = {isa = PBXBuildFile; fileRef = 5172DD1A284451EB00F52BBC /* Main.storyboard */; };
		5172DD1E284451EC00F52BBC /* Assets.xcassets in Resources */ = {isa = PBXBuildFile; fileRef = 5172DD1D284451EC00F52BBC /* Assets.xcassets */; };
		5172DD21284451EC00F52BBC /* LaunchScreen.storyboard in Resources */ = {isa = PBXBuildFile; fileRef = 5172DD1F284451EC00F52BBC /* LaunchScreen.storyboard */; };
		5172DD282844589900F52BBC /* BuildingNode.swift in Sources */ = {isa = PBXBuildFile; fileRef = 5172DD272844589900F52BBC /* BuildingNode.swift */; };
		5172DD2B2845657D00F52BBC /* hitPlayer.sks in Resources */ = {isa = PBXBuildFile; fileRef = 5172DD292845657D00F52BBC /* hitPlayer.sks */; };
		5172DD2C2845657D00F52BBC /* hitBuilding.sks in Resources */ = {isa = PBXBuildFile; fileRef = 5172DD2A2845657D00F52BBC /* hitBuilding.sks */; };
/* End PBXBuildFile section */

/* Begin PBXFileReference section */
		5172DD0D284451EA00F52BBC /* Project29 - Exploding Monkeys.app */ = {isa = PBXFileReference; explicitFileType = wrapper.application; includeInIndex = 0; path = "Project29 - Exploding Monkeys.app"; sourceTree = BUILT_PRODUCTS_DIR; };
		5172DD10284451EA00F52BBC /* AppDelegate.swift */ = {isa = PBXFileReference; lastKnownFileType = sourcecode.swift; path = AppDelegate.swift; sourceTree = "<group>"; };
		5172DD12284451EB00F52BBC /* GameScene.sks */ = {isa = PBXFileReference; lastKnownFileType = file.sks; path = GameScene.sks; sourceTree = "<group>"; };
		5172DD16284451EB00F52BBC /* GameScene.swift */ = {isa = PBXFileReference; lastKnownFileType = sourcecode.swift; path = GameScene.swift; sourceTree = "<group>"; };
		5172DD18284451EB00F52BBC /* GameViewController.swift */ = {isa = PBXFileReference; lastKnownFileType = sourcecode.swift; path = GameViewController.swift; sourceTree = "<group>"; };
		5172DD1B284451EB00F52BBC /* Base */ = {isa = PBXFileReference; lastKnownFileType = file.storyboard; name = Base; path = Base.lproj/Main.storyboard; sourceTree = "<group>"; };
		5172DD1D284451EC00F52BBC /* Assets.xcassets */ = {isa = PBXFileReference; lastKnownFileType = folder.assetcatalog; path = Assets.xcassets; sourceTree = "<group>"; };
		5172DD20284451EC00F52BBC /* Base */ = {isa = PBXFileReference; lastKnownFileType = file.storyboard; name = Base; path = Base.lproj/LaunchScreen.storyboard; sourceTree = "<group>"; };
		5172DD272844589900F52BBC /* BuildingNode.swift */ = {isa = PBXFileReference; lastKnownFileType = sourcecode.swift; path = BuildingNode.swift; sourceTree = "<group>"; };
		5172DD292845657D00F52BBC /* hitPlayer.sks */ = {isa = PBXFileReference; lastKnownFileType = file.sks; path = hitPlayer.sks; sourceTree = "<group>"; };
		5172DD2A2845657D00F52BBC /* hitBuilding.sks */ = {isa = PBXFileReference; lastKnownFileType = file.sks; path = hitBuilding.sks; sourceTree = "<group>"; };
/* End PBXFileReference section */

/* Begin PBXFrameworksBuildPhase section */
		5172DD0A284451EA00F52BBC /* Frameworks */ = {
			isa = PBXFrameworksBuildPhase;
			buildActionMask = 2147483647;
			files = (
			);
			runOnlyForDeploymentPostprocessing = 0;
		};
/* End PBXFrameworksBuildPhase section */

/* Begin PBXGroup section */
		5172DD04284451EA00F52BBC = {
			isa = PBXGroup;
			children = (
				5172DD0F284451EA00F52BBC /* Project29 - Exploding Monkeys */,
				5172DD0E284451EA00F52BBC /* Products */,
			);
			sourceTree = "<group>";
		};
		5172DD0E284451EA00F52BBC /* Products */ = {
			isa = PBXGroup;
			children = (
				5172DD0D284451EA00F52BBC /* Project29 - Exploding Monkeys.app */,
			);
			name = Products;
			sourceTree = "<group>";
		};
		5172DD0F284451EA00F52BBC /* Project29 - Exploding Monkeys */ = {
			isa = PBXGroup;
			children = (
				5172DD10284451EA00F52BBC /* AppDelegate.swift */,
				5172DD12284451EB00F52BBC /* GameScene.sks */,
				5172DD16284451EB00F52BBC /* GameScene.swift */,
				5172DD272844589900F52BBC /* BuildingNode.swift */,
				5172DD18284451EB00F52BBC /* GameViewController.swift */,
				5172DD1A284451EB00F52BBC /* Main.storyboard */,
				5172DD1D284451EC00F52BBC /* Assets.xcassets */,
				5172DD1F284451EC00F52BBC /* LaunchScreen.storyboard */,
				5172DD2A2845657D00F52BBC /* hitBuilding.sks */,
				5172DD292845657D00F52BBC /* hitPlayer.sks */,
			);
			path = "Project29 - Exploding Monkeys";
			sourceTree = "<group>";
		};
/* End PBXGroup section */

/* Begin PBXNativeTarget section */
		5172DD0C284451EA00F52BBC /* Project29 - Exploding Monkeys */ = {
			isa = PBXNativeTarget;
			buildConfigurationList = 5172DD24284451EC00F52BBC /* Build configuration list for PBXNativeTarget "Project29 - Exploding Monkeys" */;
			buildPhases = (
				5172DD09284451EA00F52BBC /* Sources */,
				5172DD0A284451EA00F52BBC /* Frameworks */,
				5172DD0B284451EA00F52BBC /* Resources */,
			);
			buildRules = (
			);
			dependencies = (
			);
			name = "Project29 - Exploding Monkeys";
			productName = "Project29 - Exploding Monkeys";
			productReference = 5172DD0D284451EA00F52BBC /* Project29 - Exploding Monkeys.app */;
			productType = "com.apple.product-type.application";
		};
/* End PBXNativeTarget section */

/* Begin PBXProject section */
		5172DD05284451EA00F52BBC /* Project object */ = {
			isa = PBXProject;
			attributes = {
				BuildIndependentTargetsInParallel = 1;
				LastSwiftUpdateCheck = 1340;
				LastUpgradeCheck = 1340;
				TargetAttributes = {
					5172DD0C284451EA00F52BBC = {
						CreatedOnToolsVersion = 13.4;
					};
				};
			};
			buildConfigurationList = 5172DD08284451EA00F52BBC /* Build configuration list for PBXProject "Project29 - Exploding Monkeys" */;
			compatibilityVersion = "Xcode 13.0";
			developmentRegion = en;
			hasScannedForEncodings = 0;
			knownRegions = (
				en,
				Base,
			);
			mainGroup = 5172DD04284451EA00F52BBC;
			productRefGroup = 5172DD0E284451EA00F52BBC /* Products */;
			projectDirPath = "";
			projectRoot = "";
			targets = (
				5172DD0C284451EA00F52BBC /* Project29 - Exploding Monkeys */,
			);
		};
/* End PBXProject section */

/* Begin PBXResourcesBuildPhase section */
		5172DD0B284451EA00F52BBC /* Resources */ = {
			isa = PBXResourcesBuildPhase;
			buildActionMask = 2147483647;
			files = (
				5172DD1C284451EB00F52BBC /* Main.storyboard in Resources */,
				5172DD13284451EB00F52BBC /* GameScene.sks in Resources */,
				5172DD2B2845657D00F52BBC /* hitPlayer.sks in Resources */,
				5172DD1E284451EC00F52BBC /* Assets.xcassets in Resources */,
				5172DD21284451EC00F52BBC /* LaunchScreen.storyboard in Resources */,
				5172DD2C2845657D00F52BBC /* hitBuilding.sks in Resources */,
			);
			runOnlyForDeploymentPostprocessing = 0;
		};
/* End PBXResourcesBuildPhase section */

/* Begin PBXSourcesBuildPhase section */
		5172DD09284451EA00F52BBC /* Sources */ = {
			isa = PBXSourcesBuildPhase;
			buildActionMask = 2147483647;
			files = (
				5172DD17284451EB00F52BBC /* GameScene.swift in Sources */,
				5172DD282844589900F52BBC /* BuildingNode.swift in Sources */,
				5172DD19284451EB00F52BBC /* GameViewController.swift in Sources */,
				5172DD11284451EA00F52BBC /* AppDelegate.swift in Sources */,
			);
			runOnlyForDeploymentPostprocessing = 0;
		};
/* End PBXSourcesBuildPhase section */

/* Begin PBXVariantGroup section */
		5172DD1A284451EB00F52BBC /* Main.storyboard */ = {
			isa = PBXVariantGroup;
			children = (
				5172DD1B284451EB00F52BBC /* Base */,
			);
			name = Main.storyboard;
			sourceTree = "<group>";
		};
		5172DD1F284451EC00F52BBC /* LaunchScreen.storyboard */ = {
			isa = PBXVariantGroup;
			children = (
				5172DD20284451EC00F52BBC /* Base */,
			);
			name = LaunchScreen.storyboard;
			sourceTree = "<group>";
		};
/* End PBXVariantGroup section */

/* Begin XCBuildConfiguration section */
		5172DD22284451EC00F52BBC /* Debug */ = {
			isa = XCBuildConfiguration;
			buildSettings = {
				ALWAYS_SEARCH_USER_PATHS = NO;
				CLANG_ANALYZER_NONNULL = YES;
				CLANG_ANALYZER_NUMBER_OBJECT_CONVERSION = YES_AGGRESSIVE;
				CLANG_CXX_LANGUAGE_STANDARD = "gnu++17";
				CLANG_ENABLE_MODULES = YES;
				CLANG_ENABLE_OBJC_ARC = YES;
				CLANG_ENABLE_OBJC_WEAK = YES;
				CLANG_WARN_BLOCK_CAPTURE_AUTORELEASING = YES;
				CLANG_WARN_BOOL_CONVERSION = YES;
				CLANG_WARN_COMMA = YES;
				CLANG_WARN_CONSTANT_CONVERSION = YES;
				CLANG_WARN_DEPRECATED_OBJC_IMPLEMENTATIONS = YES;
				CLANG_WARN_DIRECT_OBJC_ISA_USAGE = YES_ERROR;
				CLANG_WARN_DOCUMENTATION_COMMENTS = YES;
				CLANG_WARN_EMPTY_BODY = YES;
				CLANG_WARN_ENUM_CONVERSION = YES;
				CLANG_WARN_INFINITE_RECURSION = YES;
				CLANG_WARN_INT_CONVERSION = YES;
				CLANG_WARN_NON_LITERAL_NULL_CONVERSION = YES;
				CLANG_WARN_OBJC_IMPLICIT_RETAIN_SELF = YES;
				CLANG_WARN_OBJC_LITERAL_CONVERSION = YES;
				CLANG_WARN_OBJC_ROOT_CLASS = YES_ERROR;
				CLANG_WARN_QUOTED_INCLUDE_IN_FRAMEWORK_HEADER = YES;
				CLANG_WARN_RANGE_LOOP_ANALYSIS = YES;
				CLANG_WARN_STRICT_PROTOTYPES = YES;
				CLANG_WARN_SUSPICIOUS_MOVE = YES;
				CLANG_WARN_UNGUARDED_AVAILABILITY = YES_AGGRESSIVE;
				CLANG_WARN_UNREACHABLE_CODE = YES;
				CLANG_WARN__DUPLICATE_METHOD_MATCH = YES;
				COPY_PHASE_STRIP = NO;
				DEBUG_INFORMATION_FORMAT = dwarf;
				ENABLE_STRICT_OBJC_MSGSEND = YES;
				ENABLE_TESTABILITY = YES;
				GCC_C_LANGUAGE_STANDARD = gnu11;
				GCC_DYNAMIC_NO_PIC = NO;
				GCC_NO_COMMON_BLOCKS = YES;
				GCC_OPTIMIZATION_LEVEL = 0;
				GCC_PREPROCESSOR_DEFINITIONS = (
					"DEBUG=1",
					"$(inherited)",
				);
				GCC_WARN_64_TO_32_BIT_CONVERSION = YES;
				GCC_WARN_ABOUT_RETURN_TYPE = YES_ERROR;
				GCC_WARN_UNDECLARED_SELECTOR = YES;
				GCC_WARN_UNINITIALIZED_AUTOS = YES_AGGRESSIVE;
				GCC_WARN_UNUSED_FUNCTION = YES;
				GCC_WARN_UNUSED_VARIABLE = YES;
				IPHONEOS_DEPLOYMENT_TARGET = 15.5;
				MTL_ENABLE_DEBUG_INFO = INCLUDE_SOURCE;
				MTL_FAST_MATH = YES;
				ONLY_ACTIVE_ARCH = YES;
				SDKROOT = iphoneos;
				SWIFT_ACTIVE_COMPILATION_CONDITIONS = DEBUG;
				SWIFT_OPTIMIZATION_LEVEL = "-Onone";
			};
			name = Debug;
		};
		5172DD23284451EC00F52BBC /* Release */ = {
			isa = XCBuildConfiguration;
			buildSettings = {
				ALWAYS_SEARCH_USER_PATHS = NO;
				CLANG_ANALYZER_NONNULL = YES;
				CLANG_ANALYZER_NUMBER_OBJECT_CONVERSION = YES_AGGRESSIVE;
				CLANG_CXX_LANGUAGE_STANDARD = "gnu++17";
				CLANG_ENABLE_MODULES = YES;
				CLANG_ENABLE_OBJC_ARC = YES;
				CLANG_ENABLE_OBJC_WEAK = YES;
				CLANG_WARN_BLOCK_CAPTURE_AUTORELEASING = YES;
				CLANG_WARN_BOOL_CONVERSION = YES;
				CLANG_WARN_COMMA = YES;
				CLANG_WARN_CONSTANT_CONVERSION = YES;
				CLANG_WARN_DEPRECATED_OBJC_IMPLEMENTATIONS = YES;
				CLANG_WARN_DIRECT_OBJC_ISA_USAGE = YES_ERROR;
				CLANG_WARN_DOCUMENTATION_COMMENTS = YES;
				CLANG_WARN_EMPTY_BODY = YES;
				CLANG_WARN_ENUM_CONVERSION = YES;
				CLANG_WARN_INFINITE_RECURSION = YES;
				CLANG_WARN_INT_CONVERSION = YES;
				CLANG_WARN_NON_LITERAL_NULL_CONVERSION = YES;
				CLANG_WARN_OBJC_IMPLICIT_RETAIN_SELF = YES;
				CLANG_WARN_OBJC_LITERAL_CONVERSION = YES;
				CLANG_WARN_OBJC_ROOT_CLASS = YES_ERROR;
				CLANG_WARN_QUOTED_INCLUDE_IN_FRAMEWORK_HEADER = YES;
				CLANG_WARN_RANGE_LOOP_ANALYSIS = YES;
				CLANG_WARN_STRICT_PROTOTYPES = YES;
				CLANG_WARN_SUSPICIOUS_MOVE = YES;
				CLANG_WARN_UNGUARDED_AVAILABILITY = YES_AGGRESSIVE;
				CLANG_WARN_UNREACHABLE_CODE = YES;
				CLANG_WARN__DUPLICATE_METHOD_MATCH = YES;
				COPY_PHASE_STRIP = NO;
				DEBUG_INFORMATION_FORMAT = "dwarf-with-dsym";
				ENABLE_NS_ASSERTIONS = NO;
				ENABLE_STRICT_OBJC_MSGSEND = YES;
				GCC_C_LANGUAGE_STANDARD = gnu11;
				GCC_NO_COMMON_BLOCKS = YES;
				GCC_WARN_64_TO_32_BIT_CONVERSION = YES;
				GCC_WARN_ABOUT_RETURN_TYPE = YES_ERROR;
				GCC_WARN_UNDECLARED_SELECTOR = YES;
				GCC_WARN_UNINITIALIZED_AUTOS = YES_AGGRESSIVE;
				GCC_WARN_UNUSED_FUNCTION = YES;
				GCC_WARN_UNUSED_VARIABLE = YES;
				IPHONEOS_DEPLOYMENT_TARGET = 15.5;
				MTL_ENABLE_DEBUG_INFO = NO;
				MTL_FAST_MATH = YES;
				SDKROOT = iphoneos;
				SWIFT_COMPILATION_MODE = wholemodule;
				SWIFT_OPTIMIZATION_LEVEL = "-O";
				VALIDATE_PRODUCT = YES;
			};
			name = Release;
		};
		5172DD25284451EC00F52BBC /* Debug */ = {
			isa = XCBuildConfiguration;
			buildSettings = {
				ASSETCATALOG_COMPILER_APPICON_NAME = AppIcon;
				ASSETCATALOG_COMPILER_GLOBAL_ACCENT_COLOR_NAME = AccentColor;
				CODE_SIGN_STYLE = Automatic;
				CURRENT_PROJECT_VERSION = 1;
				DEVELOPMENT_TEAM = V936C69V6G;
				GENERATE_INFOPLIST_FILE = YES;
				INFOPLIST_KEY_UIApplicationSupportsIndirectInputEvents = YES;
				INFOPLIST_KEY_UILaunchStoryboardName = LaunchScreen;
				INFOPLIST_KEY_UIMainStoryboardFile = Main;
				INFOPLIST_KEY_UIStatusBarHidden = YES;
				INFOPLIST_KEY_UISupportedInterfaceOrientations = "UIInterfaceOrientationLandscapeLeft UIInterfaceOrientationLandscapeRight";
				INFOPLIST_KEY_UISupportedInterfaceOrientations_iPad = "UIInterfaceOrientationLandscapeLeft UIInterfaceOrientationLandscapeRight";
				INFOPLIST_KEY_UISupportedInterfaceOrientations_iPhone = "UIInterfaceOrientationPortrait UIInterfaceOrientationLandscapeLeft UIInterfaceOrientationLandscapeRight";
				LD_RUNPATH_SEARCH_PATHS = (
					"$(inherited)",
					"@executable_path/Frameworks",
				);
				MARKETING_VERSION = 1.0;
				PRODUCT_BUNDLE_IDENTIFIER = "com.vitalivyucheiski.Project29---Exploding-Monkeys";
				PRODUCT_NAME = "$(TARGET_NAME)";
				SWIFT_EMIT_LOC_STRINGS = YES;
				SWIFT_VERSION = 5.0;
				TARGETED_DEVICE_FAMILY = 2;
			};
			name = Debug;
		};
		5172DD26284451EC00F52BBC /* Release */ = {
			isa = XCBuildConfiguration;
			buildSettings = {
				ASSETCATALOG_COMPILER_APPICON_NAME = AppIcon;
				ASSETCATALOG_COMPILER_GLOBAL_ACCENT_COLOR_NAME = AccentColor;
				CODE_SIGN_STYLE = Automatic;
				CURRENT_PROJECT_VERSION = 1;
				DEVELOPMENT_TEAM = V936C69V6G;
				GENERATE_INFOPLIST_FILE = YES;
				INFOPLIST_KEY_UIApplicationSupportsIndirectInputEvents = YES;
				INFOPLIST_KEY_UILaunchStoryboardName = LaunchScreen;
				INFOPLIST_KEY_UIMainStoryboardFile = Main;
				INFOPLIST_KEY_UIStatusBarHidden = YES;
				INFOPLIST_KEY_UISupportedInterfaceOrientations = "UIInterfaceOrientationLandscapeLeft UIInterfaceOrientationLandscapeRight";
				INFOPLIST_KEY_UISupportedInterfaceOrientations_iPad = "UIInterfaceOrientationLandscapeLeft UIInterfaceOrientationLandscapeRight";
				INFOPLIST_KEY_UISupportedInterfaceOrientations_iPhone = "UIInterfaceOrientationPortrait UIInterfaceOrientationLandscapeLeft UIInterfaceOrientationLandscapeRight";
				LD_RUNPATH_SEARCH_PATHS = (
					"$(inherited)",
					"@executable_path/Frameworks",
				);
				MARKETING_VERSION = 1.0;
				PRODUCT_BUNDLE_IDENTIFIER = "com.vitalivyucheiski.Project29---Exploding-Monkeys";
				PRODUCT_NAME = "$(TARGET_NAME)";
				SWIFT_EMIT_LOC_STRINGS = YES;
				SWIFT_VERSION = 5.0;
				TARGETED_DEVICE_FAMILY = 2;
			};
			name = Release;
		};
/* End XCBuildConfiguration section */

/* Begin XCConfigurationList section */
		5172DD08284451EA00F52BBC /* Build configuration list for PBXProject "Project29 - Exploding Monkeys" */ = {
			isa = XCConfigurationList;
			buildConfigurations = (
				5172DD22284451EC00F52BBC /* Debug */,
				5172DD23284451EC00F52BBC /* Release */,
			);
			defaultConfigurationIsVisible = 0;
			defaultConfigurationName = Release;
		};
		5172DD24284451EC00F52BBC /* Build configuration list for PBXNativeTarget "Project29 - Exploding Monkeys" */ = {
			isa = XCConfigurationList;
			buildConfigurations = (
				5172DD25284451EC00F52BBC /* Debug */,
				5172DD26284451EC00F52BBC /* Release */,
			);
			defaultConfigurationIsVisible = 0;
			defaultConfigurationName = Release;
		};
/* End XCConfigurationList section */
	};
	rootObject = 5172DD05284451EA00F52BBC /* Project object */;
}
